grpcio-tools==1.81.1 --hash=sha256:1680b35a84f4694401819ac4acac42dda6dbc7bb8fc74112fd1a60425a07adf4
protobuf==6.33.6 --hash=sha256:e2afbae9b8e1825e3529f88d514754e094278bb95eadc0e199751cdd9a2e82a2
pytest-asyncio==1.4.0 --hash=sha256:933ca923a23075a87fb7070c0ec272a6848489824d887c85c812670932835aa1
typeguard==4.6.0 --hash=sha256:79878165bb86f2cf5d41d159a0ff1792a796cf496882d2fe1b1c6c7049b9cdd7
semantic-version==2.10.0 --hash=sha256:de78a3b8e0feda74cabc54aab2da702113e33ac9d9eb9d2389bcf1f58b7d9177
setuptools-rust==1.13.0 --hash=sha256:666439c4d90e968bb625bcf87ec0aa02b4f49e599d2f5dc255c633a04e8eca99
setuptools-scm==10.2.3 --hash=sha256:7fcf8ff55c95eb8b572a23c81495e5559b9b90f3e82fcf0952bb76c37de27a81
vcs-versioning==2.3.4 --hash=sha256:076afa0e12a42a23faba92bcb62cb016c1ce38051ceee1f302de1e2676a68bbc
